<?xml version="1.0" encoding="utf-8"?>
<Project ToolsVersion="4.0" xmlns="http://schemas.microsoft.com/developer/msbuild/2003">
  <ItemGroup>
    <Filter Include="Source Files">
      <UniqueIdentifier>{4FC737F1-C7A5-4376-A066-2A32D752A2FF}</UniqueIdentifier>
      <Extensions>cpp;c;cc;cxx;c++;cppm;ixx;def;odl;idl;hpj;bat;asm;asmx</Extensions>
    </Filter>
    <Filter Include="Header Files">
      <UniqueIdentifier>{93995380-89BD-4b04-88EB-625FBE52EBFB}</UniqueIdentifier>
      <Extensions>h;hh;hpp;hxx;h++;hm;inl;inc;ipp;xsd</Extensions>
    </Filter>
    <Filter Include="Resource Files">
      <UniqueIdentifier>{67DA6AB6-F800-4c08-8B7A-83BB121AAD01}</UniqueIdentifier>
      <Extensions>rc;ico;cur;bmp;dlg;rc2;rct;bin;rgs;gif;jpg;jpeg;jpe;resx;tiff;tif;png;wav;mfcribbon-ms</Extensions>
    </Filter>
    <Filter Include="Resource Files\Textures">
      <UniqueIdentifier>{6e16f3a8-05c7-419c-b6b3-0ef6768ba337}</UniqueIdentifier>
    </Filter>
    <Filter Include="Resource Files\Assets">
      <UniqueIdentifier>{0df1d88e-202d-422f-b1ed-17d1e1256281}</UniqueIdentifier>
    </Filter>
    <Filter Include="Resource Files\Assets\Enemies">
      <UniqueIdentifier>{23e87e3a-fe83-4d73-b0bc-716ca0254dfb}</UniqueIdentifier>
    </Filter>
    <Filter Include="Resource Files\Textures\misc">
      <UniqueIdentifier>{65f0d4ac-a69f-446a-8210-643129c43546}</UniqueIdentifier>
    </Filter>
    <Filter Include="Resource Files\Textures\enemies">
      <UniqueIdentifier>{c2dbe222-7d42-4956-b1cc-cc6fad1ac6b9}</UniqueIdentifier>
    </Filter>
    <Filter Include="Resource Files\Assets\Platform">
      <UniqueIdentifier>{efb16fdd-3992-4c93-9fce-533986504110}</UniqueIdentifier>
    </Filter>
    <Filter Include="Resource Files\Scene">
      <UniqueIdentifier>{16f28ac1-e7a2-4bca-845b-21a1be82f1a0}</UniqueIdentifier>
    </Filter>
    <Filter Include="Source Files\Objects">
      <UniqueIdentifier>{816b7b48-3f76-4755-a10a-a6bea218a243}</UniqueIdentifier>
    </Filter>
    <Filter Include="Source Files\GameManager">
      <UniqueIdentifier>{22f7f76f-0703-426f-8e82-ae044d6ffa03}</UniqueIdentifier>
    </Filter>
    <Filter Include="Source Files\GameManager\Animations">
      <UniqueIdentifier>{27cd1685-f509-43a7-b857-acc3ec7e1e1e}</UniqueIdentifier>
    </Filter>
    <Filter Include="Source Files\GameManager\Sprites">
      <UniqueIdentifier>{4b388d6d-de21-4e7b-8306-fb27c846d282}</UniqueIdentifier>
    </Filter>
    <Filter Include="Source Files\GameManager\Scene">
      <UniqueIdentifier>{cc4144c2-cc56-4299-8139-76d33aeef1ed}</UniqueIdentifier>
    </Filter>
    <Filter Include="Source Files\Objects\Enemies">
      <UniqueIdentifier>{700f2bf0-bb91-47e5-8866-ca7aab41fd71}</UniqueIdentifier>
    </Filter>
    <Filter Include="Source Files\Objects\Block">
      <UniqueIdentifier>{8828d688-79da-4be4-a9fc-2f3c9ab3960b}</UniqueIdentifier>
    </Filter>
    <Filter Include="Source Files\Objects\Items">
      <UniqueIdentifier>{0f0e8fc3-2a98-4d8d-b944-2aa89a2bbc5e}</UniqueIdentifier>
    </Filter>
    <Filter Include="Header Files\GameManager">
      <UniqueIdentifier>{2802f9a5-fd5e-440b-a2bf-8a6712709c41}</UniqueIdentifier>
    </Filter>
    <Filter Include="Header Files\GameManager\Animations">
      <UniqueIdentifier>{a472ef1f-a190-45db-95e5-e930d8ba0721}</UniqueIdentifier>
    </Filter>
    <Filter Include="Header Files\GameManager\Sprites">
      <UniqueIdentifier>{32bec486-f35b-4b0c-8551-e6b3f7479ccd}</UniqueIdentifier>
    </Filter>
    <Filter Include="Source Files\GameManager\Game">
      <UniqueIdentifier>{4820af0d-cd94-4647-853e-dc37d22adcc8}</UniqueIdentifier>
    </Filter>
    <Filter Include="Header Files\Objects">
      <UniqueIdentifier>{3eb830ea-7038-42be-b9cb-786a404de27c}</UniqueIdentifier>
    </Filter>
    <Filter Include="Header Files\Objects\Block">
      <UniqueIdentifier>{53b530dc-3d34-4066-8da5-07387913918a}</UniqueIdentifier>
    </Filter>
    <Filter Include="Header Files\Objects\Items">
      <UniqueIdentifier>{2f463c1f-d018-4664-87be-e90ef2863fc5}</UniqueIdentifier>
    </Filter>
    <Filter Include="Header Files\GameManager\Scene">
      <UniqueIdentifier>{813d207e-4cb8-47ea-b07b-96f16facfe1f}</UniqueIdentifier>
    </Filter>
    <Filter Include="Header Files\GameManager\Game">
      <UniqueIdentifier>{136a5311-2371-4312-ab5e-255157a408b7}</UniqueIdentifier>
    </Filter>
    <Filter Include="Resource Files\Textures\Others">
      <UniqueIdentifier>{714efeb1-a8b2-4a05-9b83-4e0154c4ad43}</UniqueIdentifier>
    </Filter>
    <Filter Include="Header Files\Objects\Enemies">
      <UniqueIdentifier>{d0526146-0d97-466c-99a7-fb7334316131}</UniqueIdentifier>
    </Filter>
    <Filter Include="Resource Files\Assets\Items">
      <UniqueIdentifier>{a69a90d0-70af-425c-b1e9-a78e03eda267}</UniqueIdentifier>
    </Filter>
    <Filter Include="Resource Files\Assets\Block">
      <UniqueIdentifier>{f724c5d6-1cdc-41e3-a4ce-de2f36a10324}</UniqueIdentifier>
    </Filter>
  </ItemGroup>
  <ItemGroup>
    <ClCompile Include="Source\main.cpp">
      <Filter>Source Files</Filter>
    </ClCompile>
    <ClCompile Include="Source\Background.cpp">
      <Filter>Source Files\Objects\Block</Filter>
    </ClCompile>
    <ClCompile Include="Source\Brick.cpp">
      <Filter>Source Files\Objects\Block</Filter>
    </ClCompile>
    <ClCompile Include="Source\Pipe.cpp">
      <Filter>Source Files\Objects\Block</Filter>
    </ClCompile>
    <ClCompile Include="Source\Platform.cpp">
      <Filter>Source Files\Objects\Block</Filter>
    </ClCompile>
    <ClCompile Include="Source\QuestionBlock.cpp">
      <Filter>Source Files\Objects\Block</Filter>
    </ClCompile>
    <ClCompile Include="Source\Goomba.cpp">
      <Filter>Source Files\Objects\Enemies</Filter>
    </ClCompile>
    <ClCompile Include="Source\Koopa.cpp">
      <Filter>Source Files\Objects\Enemies</Filter>
    </ClCompile>
    <ClCompile Include="Source\Piranha.cpp">
      <Filter>Source Files\Objects\Enemies</Filter>
    </ClCompile>
    <ClCompile Include="Source\Mario.cpp">
      <Filter>Source Files\Objects</Filter>
    </ClCompile>
    <ClCompile Include="Source\Coin.cpp">
      <Filter>Source Files\Objects\Items</Filter>
    </ClCompile>
    <ClCompile Include="Source\PowerUp.cpp">
      <Filter>Source Files\Objects\Items</Filter>
    </ClCompile>
    <ClCompile Include="Source\Animation.cpp">
      <Filter>Source Files\GameManager\Animations</Filter>
    </ClCompile>
    <ClCompile Include="Source\Animations.cpp">
      <Filter>Source Files\GameManager\Animations</Filter>
    </ClCompile>
    <ClCompile Include="Source\Collision.cpp">
      <Filter>Source Files\GameManager\Game</Filter>
    </ClCompile>
    <ClCompile Include="Source\debug.cpp">
      <Filter>Source Files\GameManager\Game</Filter>
    </ClCompile>
    <ClCompile Include="Source\Game.cpp">
      <Filter>Source Files\GameManager\Game</Filter>
    </ClCompile>
    <ClCompile Include="Source\GameObject.cpp">
      <Filter>Source Files\GameManager\Game</Filter>
    </ClCompile>
    <ClCompile Include="Source\Utils.cpp">
      <Filter>Source Files\GameManager\Game</Filter>
    </ClCompile>
    <ClCompile Include="Source\PlayScene.cpp">
      <Filter>Source Files\GameManager\Scene</Filter>
    </ClCompile>
    <ClCompile Include="Source\SampleKeyEventHandler.cpp">
      <Filter>Source Files\GameManager\Scene</Filter>
    </ClCompile>
    <ClCompile Include="Source\Scene.cpp">
      <Filter>Source Files\GameManager\Scene</Filter>
    </ClCompile>
    <ClCompile Include="Source\Sprite.cpp">
      <Filter>Source Files\GameManager\Sprites</Filter>
    </ClCompile>
    <ClCompile Include="Source\Sprites.cpp">
      <Filter>Source Files\GameManager\Sprites</Filter>
    </ClCompile>
    <ClCompile Include="Source\Textures.cpp">
      <Filter>Source Files\GameManager\Sprites</Filter>
    </ClCompile>
    <ClCompile Include="Source\Portal.cpp">
      <Filter>Source Files\Objects\Block</Filter>
    </ClCompile>
    <ClCompile Include="Source\InvisibleWall.cpp">
      <Filter>Source Files\Objects\Block</Filter>
    </ClCompile>
    <ClCompile Include="Source\Button.cpp">
      <Filter>Source Files\Objects\Block</Filter>
    </ClCompile>
  </ItemGroup>
  <ItemGroup>
    <ClInclude Include="Source\Background.h">
      <Filter>Header Files\Objects\Block</Filter>
    </ClInclude>
    <ClInclude Include="Source\Brick.h">
      <Filter>Header Files\Objects\Block</Filter>
    </ClInclude>
    <ClInclude Include="Source\Pipe.h">
      <Filter>Header Files\Objects\Block</Filter>
    </ClInclude>
    <ClInclude Include="Source\Platform.h">
      <Filter>Header Files\Objects\Block</Filter>
    </ClInclude>
    <ClInclude Include="Source\Portal.h">
      <Filter>Header Files\Objects\Block</Filter>
    </ClInclude>
    <ClInclude Include="Source\QuestionBlock.h">
      <Filter>Header Files\Objects\Block</Filter>
    </ClInclude>
    <ClInclude Include="Source\Coin.h">
      <Filter>Header Files\Objects\Items</Filter>
    </ClInclude>
    <ClInclude Include="Source\PowerUp.h">
      <Filter>Header Files\Objects\Items</Filter>
    </ClInclude>
    <ClInclude Include="Source\Mario.h">
      <Filter>Header Files\Objects</Filter>
    </ClInclude>
    <ClInclude Include="Source\Goomba.h">
      <Filter>Header Files\Objects\Enemies</Filter>
    </ClInclude>
    <ClInclude Include="Source\Koopa.h">
      <Filter>Header Files\Objects\Enemies</Filter>
    </ClInclude>
    <ClInclude Include="Source\Piranha.h">
      <Filter>Header Files\Objects\Enemies</Filter>
    </ClInclude>
    <ClInclude Include="Source\AssetIDs.h">
      <Filter>Header Files\GameManager</Filter>
    </ClInclude>
    <ClInclude Include="Source\Animation.h">
      <Filter>Header Files\GameManager\Animations</Filter>
    </ClInclude>
    <ClInclude Include="Source\AnimationFrame.h">
      <Filter>Header Files\GameManager\Animations</Filter>
    </ClInclude>
    <ClInclude Include="Source\Animations.h">
      <Filter>Header Files\GameManager\Animations</Filter>
    </ClInclude>
    <ClInclude Include="Source\Collision.h">
      <Filter>Header Files\GameManager\Game</Filter>
    </ClInclude>
    <ClInclude Include="Source\debug.h">
      <Filter>Header Files\GameManager\Game</Filter>
    </ClInclude>
    <ClInclude Include="Source\Game.h">
      <Filter>Header Files\GameManager\Game</Filter>
    </ClInclude>
    <ClInclude Include="Source\GameObject.h">
      <Filter>Header Files\GameManager\Game</Filter>
    </ClInclude>
    <ClInclude Include="Source\Utils.h">
      <Filter>Header Files\GameManager\Game</Filter>
    </ClInclude>
    <ClInclude Include="Source\KeyEventHandler.h">
      <Filter>Header Files\GameManager\Scene</Filter>
    </ClInclude>
    <ClInclude Include="Source\PlayScene.h">
      <Filter>Header Files\GameManager\Scene</Filter>
    </ClInclude>
    <ClInclude Include="Source\SampleKeyEventHandler.h">
      <Filter>Header Files\GameManager\Scene</Filter>
    </ClInclude>
    <ClInclude Include="Source\Scene.h">
      <Filter>Header Files\GameManager\Scene</Filter>
    </ClInclude>
    <ClInclude Include="Source\Sprite.h">
      <Filter>Header Files\GameManager\Sprites</Filter>
    </ClInclude>
    <ClInclude Include="Source\Sprites.h">
      <Filter>Header Files\GameManager\Sprites</Filter>
    </ClInclude>
    <ClInclude Include="Source\Texture.h">
      <Filter>Header Files\GameManager\Sprites</Filter>
    </ClInclude>
    <ClInclude Include="Source\Textures.h">
      <Filter>Header Files\GameManager\Sprites</Filter>
    </ClInclude>
    <ClInclude Include="Source\InvisibleWall.h">
      <Filter>Header Files\Objects\Block</Filter>
    </ClInclude>
    <ClInclude Include="Source\Button.h">
      <Filter>Header Files\Objects\Block</Filter>
    </ClInclude>
    <ClInclude Include="Source\AnimationIDs.h">
      <Filter>Header Files\GameManager</Filter>
    </ClInclude>
  </ItemGroup>
  <ItemGroup>
    <Text Include="Source\Assets\Enemies\goomba.txt">
      <Filter>Resource Files\Assets\Enemies</Filter>
    </Text>
    <Text Include="Source\Assets\Enemies\koopa.txt">
      <Filter>Resource Files\Assets\Enemies</Filter>
    </Text>
    <Text Include="Source\Assets\Enemies\piranha.txt">
      <Filter>Resource Files\Assets\Enemies</Filter>
    </Text>
    <Text Include="Source\Assets\mario.txt">
      <Filter>Resource Files\Assets</Filter>
    </Text>
    <Text Include="Source\Assets\Platform\box.txt">
      <Filter>Resource Files\Assets\Platform</Filter>
    </Text>
    <Text Include="Source\Assets\Platform\cloud.txt">
      <Filter>Resource Files\Assets\Platform</Filter>
    </Text>
    <Text Include="Source\Assets\Platform\ground.txt">
      <Filter>Resource Files\Assets\Platform</Filter>
    </Text>
    <Text Include="Source\mario-sample.txt">
      <Filter>Resource Files\Textures</Filter>
    </Text>
    <Text Include="Source\Assets\Items\coin.txt">
      <Filter>Resource Files\Assets\Items</Filter>
    </Text>
    <Text Include="Source\Assets\Items\powerup.txt">
      <Filter>Resource Files\Assets\Items</Filter>
    </Text>
    <Text Include="Source\Assets\Block\brick.txt">
      <Filter>Resource Files\Assets\Block</Filter>
    </Text>
    <Text Include="Source\Assets\Block\pipe.txt">
      <Filter>Resource Files\Assets\Block</Filter>
    </Text>
    <Text Include="Source\Assets\Block\qblock.txt">
      <Filter>Resource Files\Assets\Block</Filter>
    </Text>
    <Text Include="Source\Assets\World Screen\scene01.txt">
      <Filter>Resource Files\Scene</Filter>
    </Text>
    <Text Include="Source\Assets\World Screen\scene02.txt">
      <Filter>Resource Files\Scene</Filter>
    </Text>
    <Text Include="Source\Assets\World Screen\scene0005.txt">
      <Filter>Resource Files\Scene</Filter>
    </Text>
    <Text Include="Source\Assets\background.txt">
      <Filter>Resource Files\Assets</Filter>
    </Text>
    <Text Include="Source\Assets\Block\button.txt">
      <Filter>Resource Files\Assets\Block</Filter>
    </Text>
  </ItemGroup>
  <ItemGroup>
    <Image Include="Source\textures\enemies\enemies.png">
      <Filter>Resource Files\Textures\enemies</Filter>
    </Image>
    <Image Include="Source\textures\enemies\enemies_2.png">
      <Filter>Resource Files\Textures\enemies</Filter>
    </Image>
    <Image Include="Source\textures\enemies\enemies_3.png">
      <Filter>Resource Files\Textures\enemies</Filter>
    </Image>
    <Image Include="Source\textures\enemies\enemiess.png">
      <Filter>Resource Files\Textures\enemies</Filter>
    </Image>
    <Image Include="Source\textures\misc\misc.png">
      <Filter>Resource Files\Textures\misc</Filter>
    </Image>
    <Image Include="Source\textures\misc\misc_1.png">
      <Filter>Resource Files\Textures\misc</Filter>
    </Image>
    <Image Include="Source\textures\misc\misc_1_transparent.png">
      <Filter>Resource Files\Textures\misc</Filter>
    </Image>
    <Image Include="Source\textures\misc\misc_2.png">
      <Filter>Resource Files\Textures\misc</Filter>
    </Image>
    <Image Include="Source\textures\misc\misc_3.png">
      <Filter>Resource Files\Textures\misc</Filter>
    </Image>
    <Image Include="Source\textures\bbox.png">
      <Filter>Resource Files\Textures\Others</Filter>
    </Image>
    <Image Include="Source\textures\mario.png">
      <Filter>Resource Files\Textures\Others</Filter>
    </Image>
    <Image Include="Source\textures\map_1_1.png">
      <Filter>Resource Files\Textures</Filter>
    </Image>
    <Image Include="Source\textures\enemies\enemies_4.png">
      <Filter>Resource Files\Textures\enemies</Filter>
    </Image>
    <Image Include="Source\textures\misc\misc_4.png">
      <Filter>Resource Files\Textures\misc</Filter>
    </Image>
    <Image Include="Source\textures\grid.png">
      <Filter>Resource Files\Textures\Others</Filter>
    </Image>
    <Image Include="Source\textures\enemies\enemies_5.png">
      <Filter>Resource Files\Textures\enemies</Filter>
    </Image>
  </ItemGroup>
</Project>